
Microsoft Visual Studio Solution File, Format Version 12.00
# Visual Studio Version 17
VisualStudioVersion = 17.9.34728.123
MinimumVisualStudioVersion = 10.0.40219.1
Project("{9A19103F-16F7-4668-BE54-9A1E7A4F7556}") = "F​iguresLib", "F​iguresLib.csproj", "{79A16C10-B584-4DB2-BE52-02CA64272CB4}"
EndProject
Global
	GlobalSection(SolutionConfigurationPlatforms) = preSolution
		Debug|Any CPU = Debug|Any CPU
		Release|Any CPU = Release|Any CPU
	EndGlobalSection
	GlobalSection(ProjectConfigurationPlatforms) = postSolution
		{79A16C10-B584-4DB2-BE52-02CA64272CB4}.Debug|Any CPU.ActiveCfg = Debug|Any CPU
		{79A16C10-B584-4DB2-BE52-02CA64272CB4}.Debug|Any CPU.Build.0 = Debug|Any CPU
		{79A16C10-B584-4DB2-BE52-02CA64272CB4}.Release|Any CPU.ActiveCfg = Release|Any CPU
		{79A16C10-B584-4DB2-BE52-02CA64272CB4}.Release|Any CPU.Build.0 = Release|Any CPU
	EndGlobalSection
	GlobalSection(SolutionProperties) = preSolution
		HideSolutionNode = FALSE
	EndGlobalSection
	GlobalSection(ExtensibilityGlobals) = postSolution
		SolutionGuid = {C0DBEF1D-0BE4-44AF-AFC0-F6D3DB4AB00C}
	EndGlobalSection
EndGlobal
